
Microsoft Visual Studio Solution File, Format Version 12.00
# Visual Studio Version 17
VisualStudioVersion = 17.0.31903.59
MinimumVisualStudioVersion = 10.0.40219.1
Project("{2150E333-8FDC-42A3-9474-1A3956D46DE8}") = "src", "src", "{827E0CD3-B72D-47B6-A68D-7590B98EB39B}"
EndProject
Project("{FAE04EC0-301F-11D3-BF4B-00C04F79EFBC}") = "UniTechDesk.Api", "src\UniTechDesk.Api\UniTechDesk.Api.csproj", "{DE923DB2-9DE3-4DCC-8F1A-7AA4DCFC40B0}"
EndProject
Project("{FAE04EC0-301F-11D3-BF4B-00C04F79EFBC}") = "UniTechDesk.Core", "src\UniTechDesk.Core\UniTechDesk.Core.csproj", "{6E398AC5-203C-48FC-A6C7-2EFDBAD76F5C}"
EndProject
Project("{FAE04EC0-301F-11D3-BF4B-00C04F79EFBC}") = "UniTechDesk.Data", "src\UniTechDesk.Data\UniTechDesk.Data.csproj", "{A2FFFC2D-2CCE-4628-8832-4A418DC3FE29}"
EndProject
Project("{2150E333-8FDC-42A3-9474-1A3956D46DE8}") = "tests", "tests", "{0AB3BF05-4346-4AA6-1389-037BE0695223}"
EndProject
Project("{FAE04EC0-301F-11D3-BF4B-00C04F79EFBC}") = "UniTechDesk.TestSupport", "tests\UniTechDesk.TestSupport\UniTechDesk.TestSupport.csproj", "{EC6D2D9F-1009-4EA9-80A5-BBAF306E9AD7}"
EndProject
Project("{FAE04EC0-301F-11D3-BF4B-00C04F79EFBC}") = "UniTechDesk.Tests", "tests\UniTechDesk.Tests\UniTechDesk.Tests.csproj", "{5C2301B8-DE4C-4C29-AFB4-741309DC8D7D}"
EndProject
Global
	GlobalSection(SolutionConfigurationPlatforms) = preSolution
		Debug|Any CPU = Debug|Any CPU
		Debug|x64 = Debug|x64
		Debug|x86 = Debug|x86
		Release|Any CPU = Release|Any CPU
		Release|x64 = Release|x64
		Release|x86 = Release|x86
	EndGlobalSection
	GlobalSection(ProjectConfigurationPlatforms) = postSolution
		{DE923DB2-9DE3-4DCC-8F1A-7AA4DCFC40B0}.Debug|Any CPU.ActiveCfg = Debug|Any CPU
		{DE923DB2-9DE3-4DCC-8F1A-7AA4DCFC40B0}.Debug|Any CPU.Build.0 = Debug|Any CPU
		{DE923DB2-9DE3-4DCC-8F1A-7AA4DCFC40B0}.Debug|x64.ActiveCfg = Debug|Any CPU
		{DE923DB2-9DE3-4DCC-8F1A-7AA4DCFC40B0}.Debug|x64.Build.0 = Debug|Any CPU
		{DE923DB2-9DE3-4DCC-8F1A-7AA4DCFC40B0}.Debug|x86.ActiveCfg = Debug|Any CPU
		{DE923DB2-9DE3-4DCC-8F1A-7AA4DCFC40B0}.Debug|x86.Build.0 = Debug|Any CPU
		{DE923DB2-9DE3-4DCC-8F1A-7AA4DCFC40B0}.Release|Any CPU.ActiveCfg = Release|Any CPU
		{DE923DB2-9DE3-4DCC-8F1A-7AA4DCFC40B0}.Release|Any CPU.Build.0 = Release|Any CPU
		{DE923DB2-9DE3-4DCC-8F1A-7AA4DCFC40B0}.Release|x64.ActiveCfg = Release|Any CPU
		{DE923DB2-9DE3-4DCC-8F1A-7AA4DCFC40B0}.Release|x64.Build.0 = Release|Any CPU
		{DE923DB2-9DE3-4DCC-8F1A-7AA4DCFC40B0}.Release|x86.ActiveCfg = Release|Any CPU
		{DE923DB2-9DE3-4DCC-8F1A-7AA4DCFC40B0}.Release|x86.Build.0 = Release|Any CPU
		{6E398AC5-203C-48FC-A6C7-2EFDBAD76F5C}.Debug|Any CPU.ActiveCfg = Debug|Any CPU
		{6E398AC5-203C-48FC-A6C7-2EFDBAD76F5C}.Debug|Any CPU.Build.0 = Debug|Any CPU
		{6E398AC5-203C-48FC-A6C7-2EFDBAD76F5C}.Debug|x64.ActiveCfg = Debug|Any CPU
		{6E398AC5-203C-48FC-A6C7-2EFDBAD76F5C}.Debug|x64.Build.0 = Debug|Any CPU
		{6E398AC5-203C-48FC-A6C7-2EFDBAD76F5C}.Debug|x86.ActiveCfg = Debug|Any CPU
		{6E398AC5-203C-48FC-A6C7-2EFDBAD76F5C}.Debug|x86.Build.0 = Debug|Any CPU
		{6E398AC5-203C-48FC-A6C7-2EFDBAD76F5C}.Release|Any CPU.ActiveCfg = Release|Any CPU
		{6E398AC5-203C-48FC-A6C7-2EFDBAD76F5C}.Release|Any CPU.Build.0 = Release|Any CPU
		{6E398AC5-203C-48FC-A6C7-2EFDBAD76F5C}.Release|x64.ActiveCfg = Release|Any CPU
		{6E398AC5-203C-48FC-A6C7-2EFDBAD76F5C}.Release|x64.Build.0 = Release|Any CPU
		{6E398AC5-203C-48FC-A6C7-2EFDBAD76F5C}.Release|x86.ActiveCfg = Release|Any CPU
		{6E398AC5-203C-48FC-A6C7-2EFDBAD76F5C}.Release|x86.Build.0 = Release|Any CPU
		{A2FFFC2D-2CCE-4628-8832-4A418DC3FE29}.Debug|Any CPU.ActiveCfg = Debug|Any CPU
		{A2FFFC2D-2CCE-4628-8832-4A418DC3FE29}.Debug|Any CPU.Build.0 = Debug|Any CPU
		{A2FFFC2D-2CCE-4628-8832-4A418DC3FE29}.Debug|x64.ActiveCfg = Debug|Any CPU
		{A2FFFC2D-2CCE-4628-8832-4A418DC3FE29}.Debug|x64.Build.0 = Debug|Any CPU
		{A2FFFC2D-2CCE-4628-8832-4A418DC3FE29}.Debug|x86.ActiveCfg = Debug|Any CPU
		{A2FFFC2D-2CCE-4628-8832-4A418DC3FE29}.Debug|x86.Build.0 = Debug|Any CPU
		{A2FFFC2D-2CCE-4628-8832-4A418DC3FE29}.Release|Any CPU.ActiveCfg = Release|Any CPU
		{A2FFFC2D-2CCE-4628-8832-4A418DC3FE29}.Release|Any CPU.Build.0 = Release|Any CPU
		{A2FFFC2D-2CCE-4628-8832-4A418DC3FE29}.Release|x64.ActiveCfg = Release|Any CPU
		{A2FFFC2D-2CCE-4628-8832-4A418DC3FE29}.Release|x64.Build.0 = Release|Any CPU
		{A2FFFC2D-2CCE-4628-8832-4A418DC3FE29}.Release|x86.ActiveCfg = Release|Any CPU
		{A2FFFC2D-2CCE-4628-8832-4A418DC3FE29}.Release|x86.Build.0 = Release|Any CPU
		{EC6D2D9F-1009-4EA9-80A5-BBAF306E9AD7}.Debug|Any CPU.ActiveCfg = Debug|Any CPU
		{EC6D2D9F-1009-4EA9-80A5-BBAF306E9AD7}.Debug|Any CPU.Build.0 = Debug|Any CPU
		{EC6D2D9F-1009-4EA9-80A5-BBAF306E9AD7}.Debug|x64.ActiveCfg = Debug|Any CPU
		{EC6D2D9F-1009-4EA9-80A5-BBAF306E9AD7}.Debug|x64.Build.0 = Debug|Any CPU
		{EC6D2D9F-1009-4EA9-80A5-BBAF306E9AD7}.Debug|x86.ActiveCfg = Debug|Any CPU
		{EC6D2D9F-1009-4EA9-80A5-BBAF306E9AD7}.Debug|x86.Build.0 = Debug|Any CPU
		{EC6D2D9F-1009-4EA9-80A5-BBAF306E9AD7}.Release|Any CPU.ActiveCfg = Release|Any CPU
		{EC6D2D9F-1009-4EA9-80A5-BBAF306E9AD7}.Release|Any CPU.Build.0 = Release|Any CPU
		{EC6D2D9F-1009-4EA9-80A5-BBAF306E9AD7}.Release|x64.ActiveCfg = Release|Any CPU
		{EC6D2D9F-1009-4EA9-80A5-BBAF306E9AD7}.Release|x64.Build.0 = Release|Any CPU
		{EC6D2D9F-1009-4EA9-80A5-BBAF306E9AD7}.Release|x86.ActiveCfg = Release|Any CPU
		{EC6D2D9F-1009-4EA9-80A5-BBAF306E9AD7}.Release|x86.Build.0 = Release|Any CPU
		{5C2301B8-DE4C-4C29-AFB4-741309DC8D7D}.Debug|Any CPU.ActiveCfg = Debug|Any CPU
		{5C2301B8-DE4C-4C29-AFB4-741309DC8D7D}.Debug|Any CPU.Build.0 = Debug|Any CPU
		{5C2301B8-DE4C-4C29-AFB4-741309DC8D7D}.Debug|x64.ActiveCfg = Debug|Any CPU
		{5C2301B8-DE4C-4C29-AFB4-741309DC8D7D}.Debug|x64.Build.0 = Debug|Any CPU
		{5C2301B8-DE4C-4C29-AFB4-741309DC8D7D}.Debug|x86.ActiveCfg = Debug|Any CPU
		{5C2301B8-DE4C-4C29-AFB4-741309DC8D7D}.Debug|x86.Build.0 = Debug|Any CPU
		{5C2301B8-DE4C-4C29-AFB4-741309DC8D7D}.Release|Any CPU.ActiveCfg = Release|Any CPU
		{5C2301B8-DE4C-4C29-AFB4-741309DC8D7D}.Release|Any CPU.Build.0 = Release|Any CPU
		{5C2301B8-DE4C-4C29-AFB4-741309DC8D7D}.Release|x64.ActiveCfg = Release|Any CPU
		{5C2301B8-DE4C-4C29-AFB4-741309DC8D7D}.Release|x64.Build.0 = Release|Any CPU
		{5C2301B8-DE4C-4C29-AFB4-741309DC8D7D}.Release|x86.ActiveCfg = Release|Any CPU
		{5C2301B8-DE4C-4C29-AFB4-741309DC8D7D}.Release|x86.Build.0 = Release|Any CPU
	EndGlobalSection
	GlobalSection(SolutionProperties) = preSolution
		HideSolutionNode = FALSE
	EndGlobalSection
	GlobalSection(NestedProjects) = preSolution
		{DE923DB2-9DE3-4DCC-8F1A-7AA4DCFC40B0} = {827E0CD3-B72D-47B6-A68D-7590B98EB39B}
		{6E398AC5-203C-48FC-A6C7-2EFDBAD76F5C} = {827E0CD3-B72D-47B6-A68D-7590B98EB39B}
		{A2FFFC2D-2CCE-4628-8832-4A418DC3FE29} = {827E0CD3-B72D-47B6-A68D-7590B98EB39B}
		{EC6D2D9F-1009-4EA9-80A5-BBAF306E9AD7} = {0AB3BF05-4346-4AA6-1389-037BE0695223}
		{5C2301B8-DE4C-4C29-AFB4-741309DC8D7D} = {0AB3BF05-4346-4AA6-1389-037BE0695223}
	EndGlobalSection
EndGlobal
